PODS:
  - Mantle (2.0.5):
    - Mantle/extobjc (= 2.0.5)
  - Mantle/extobjc (2.0.5)
  - MSWeakTimer (1.1.0)
  - PINCache (2.1.2)
  - PonyDebugger (0.4.5):
    - SocketRocket
  - SocketRocket (0.4.2)
  - SVProgressHUD (HEAD based on 2.0-beta)
  - UICKeyChainStore (2.0.6)
  - VCLReachability (1.2.0)
  - XLForm (3.0.2)

DEPENDENCIES:
  - Mantle
  - MSWeakTimer
  - PINCache
  - PonyDebugger
  - SVProgressHUD (HEAD)
  - UICKeyChainStore
  - VCLReachability
  - XLForm (~> 3.0.2)

SPEC CHECKSUMS:
  Mantle: 1912395033f601de5adc8ee91e48f46e4c7051ad
  MSWeakTimer: 9426150f933b80ed3acf3f6d228e4b61f0e303c8
  PINCache: 9e70271f1bdd60c0465b7208adcc4b6acc1fc376
  PonyDebugger: 1c60f7c876bdb6a8b6bf0f0269087f8a234fafa7
  SocketRocket: ffe08119b00ef982f6c37052a4705a057c8494ad
  SVProgressHUD: c83337f10ed32d701c423d519059a249973c8662
  UICKeyChainStore: c5719c814e8bd69e74e4a0fc09daf8f4d6257a59
  VCLReachability: 9a65c131230c0c7435c645595209bfe1de24df09
  XLForm: 7817ce29f3f259186e837bb7309ac7e5b7e9b883

COCOAPODS: 0.39.0
