// !$*UTF8*$!
{
	archiveVersion = 1;
	classes = {
	};
	objectVersion = 46;
	objects = {

/* Begin PBXBuildFile section */
		006BACEB99AD40B6A505383A /* libPods.a in Frameworks */ = {isa = PBXBuildFile; fileRef = 962FCDB207B7B1E903C2D045 /* libPods.a */; };
		AB4F2B161BC1CA99003033B7 /* BENavigationController.m in Sources */ = {isa = PBXBuildFile; fileRef = AB4F2B151BC1CA99003033B7 /* BENavigationController.m */; settings = {ASSET_TAGS = (); }; };
		AB76ADE01BC1C5B60000C91B /* main.m in Sources */ = {isa = PBXBuildFile; fileRef = AB76ADDF1BC1C5B60000C91B /* main.m */; };
		AB76ADE31BC1C5B60000C91B /* BEAppDelegate.m in Sources */ = {isa = PBXBuildFile; fileRef = AB76ADE21BC1C5B60000C91B /* BEAppDelegate.m */; };
		AB76ADE61BC1C5B60000C91B /* BERootViewController.m in Sources */ = {isa = PBXBuildFile; fileRef = AB76ADE51BC1C5B60000C91B /* BERootViewController.m */; };
		AB76ADE91BC1C5B60000C91B /* Main.storyboard in Resources */ = {isa = PBXBuildFile; fileRef = AB76ADE71BC1C5B60000C91B /* Main.storyboard */; };
		AB76ADEB1BC1C5B60000C91B /* Assets.xcassets in Resources */ = {isa = PBXBuildFile; fileRef = AB76ADEA1BC1C5B60000C91B /* Assets.xcassets */; };
		AB76ADEE1BC1C5B60000C91B /* LaunchScreen.storyboard in Resources */ = {isa = PBXBuildFile; fileRef = AB76ADEC1BC1C5B60000C91B /* LaunchScreen.storyboard */; };
		ABBA0BB51BC8292600781666 /* BEAccountViewController.m in Sources */ = {isa = PBXBuildFile; fileRef = ABBA0BB41BC8292600781666 /* BEAccountViewController.m */; settings = {ASSET_TAGS = (); }; };
		ABBA0BC21BC8661900781666 /* BEAccountController.m in Sources */ = {isa = PBXBuildFile; fileRef = ABBA0BC11BC8661900781666 /* BEAccountController.m */; settings = {ASSET_TAGS = (); }; };
		ABBA0BC51BC8662900781666 /* BEAccount.m in Sources */ = {isa = PBXBuildFile; fileRef = ABBA0BC41BC8662900781666 /* BEAccount.m */; settings = {ASSET_TAGS = (); }; };
		ABBA0BCE1BCC1DB500781666 /* BEClient.m in Sources */ = {isa = PBXBuildFile; fileRef = ABBA0BCD1BCC1DB500781666 /* BEClient.m */; settings = {ASSET_TAGS = (); }; };
/* End PBXBuildFile section */

/* Begin PBXFileReference section */
		05734F9F4CBE0E24B5676833 /* Pods.debug.xcconfig */ = {isa = PBXFileReference; includeInIndex = 1; lastKnownFileType = text.xcconfig; name = Pods.debug.xcconfig; path = "Pods/Target Support Files/Pods/Pods.debug.xcconfig"; sourceTree = "<group>"; };
		962FCDB207B7B1E903C2D045 /* libPods.a */ = {isa = PBXFileReference; explicitFileType = archive.ar; includeInIndex = 0; path = libPods.a; sourceTree = BUILT_PRODUCTS_DIR; };
		AB4F2B141BC1CA99003033B7 /* BENavigationController.h */ = {isa = PBXFileReference; fileEncoding = 4; lastKnownFileType = sourcecode.c.h; path = BENavigationController.h; sourceTree = "<group>"; };
		AB4F2B151BC1CA99003033B7 /* BENavigationController.m */ = {isa = PBXFileReference; fileEncoding = 4; lastKnownFileType = sourcecode.c.objc; path = BENavigationController.m; sourceTree = "<group>"; };
		AB76ADDB1BC1C5B60000C91B /* Big Event.app */ = {isa = PBXFileReference; explicitFileType = wrapper.application; includeInIndex = 0; path = "Big Event.app"; sourceTree = BUILT_PRODUCTS_DIR; };
		AB76ADDF1BC1C5B60000C91B /* main.m */ = {isa = PBXFileReference; lastKnownFileType = sourcecode.c.objc; path = main.m; sourceTree = "<group>"; };
		AB76ADE11BC1C5B60000C91B /* BEAppDelegate.h */ = {isa = PBXFileReference; lastKnownFileType = sourcecode.c.h; path = BEAppDelegate.h; sourceTree = "<group>"; };
		AB76ADE21BC1C5B60000C91B /* BEAppDelegate.m */ = {isa = PBXFileReference; lastKnownFileType = sourcecode.c.objc; path = BEAppDelegate.m; sourceTree = "<group>"; };
		AB76ADE41BC1C5B60000C91B /* BERootViewController.h */ = {isa = PBXFileReference; lastKnownFileType = sourcecode.c.h; path = BERootViewController.h; sourceTree = "<group>"; };
		AB76ADE51BC1C5B60000C91B /* BERootViewController.m */ = {isa = PBXFileReference; lastKnownFileType = sourcecode.c.objc; path = BERootViewController.m; sourceTree = "<group>"; };
		AB76ADE81BC1C5B60000C91B /* Base */ = {isa = PBXFileReference; lastKnownFileType = file.storyboard; name = Base; path = Base.lproj/Main.storyboard; sourceTree = "<group>"; };
		AB76ADEA1BC1C5B60000C91B /* Assets.xcassets */ = {isa = PBXFileReference; lastKnownFileType = folder.assetcatalog; path = Assets.xcassets; sourceTree = "<group>"; };
		AB76ADED1BC1C5B60000C91B /* Base */ = {isa = PBXFileReference; lastKnownFileType = file.storyboard; name = Base; path = Base.lproj/LaunchScreen.storyboard; sourceTree = "<group>"; };
		AB76ADEF1BC1C5B60000C91B /* Info.plist */ = {isa = PBXFileReference; lastKnownFileType = text.plist.xml; path = Info.plist; sourceTree = "<group>"; };
		ABBA0BB31BC8292600781666 /* BEAccountViewController.h */ = {isa = PBXFileReference; fileEncoding = 4; lastKnownFileType = sourcecode.c.h; path = BEAccountViewController.h; sourceTree = "<group>"; };
		ABBA0BB41BC8292600781666 /* BEAccountViewController.m */ = {isa = PBXFileReference; fileEncoding = 4; lastKnownFileType = sourcecode.c.objc; path = BEAccountViewController.m; sourceTree = "<group>"; };
		ABBA0BC01BC8661900781666 /* BEAccountController.h */ = {isa = PBXFileReference; fileEncoding = 4; lastKnownFileType = sourcecode.c.h; path = BEAccountController.h; sourceTree = "<group>"; };
		ABBA0BC11BC8661900781666 /* BEAccountController.m */ = {isa = PBXFileReference; fileEncoding = 4; lastKnownFileType = sourcecode.c.objc; path = BEAccountController.m; sourceTree = "<group>"; };
		ABBA0BC31BC8662900781666 /* BEAccount.h */ = {isa = PBXFileReference; fileEncoding = 4; lastKnownFileType = sourcecode.c.h; path = BEAccount.h; sourceTree = "<group>"; };
		ABBA0BC41BC8662900781666 /* BEAccount.m */ = {isa = PBXFileReference; fileEncoding = 4; lastKnownFileType = sourcecode.c.objc; path = BEAccount.m; sourceTree = "<group>"; };
		ABBA0BC91BCC1A6A00781666 /* BEFormViewController.m */ = {isa = PBXFileReference; fileEncoding = 4; lastKnownFileType = sourcecode.c.objc; path = BEFormViewController.m; sourceTree = "<group>"; };
		ABBA0BCC1BCC1DB500781666 /* BEClient.h */ = {isa = PBXFileReference; fileEncoding = 4; lastKnownFileType = sourcecode.c.h; path = BEClient.h; sourceTree = "<group>"; };
		ABBA0BCD1BCC1DB500781666 /* BEClient.m */ = {isa = PBXFileReference; fileEncoding = 4; lastKnownFileType = sourcecode.c.objc; path = BEClient.m; sourceTree = "<group>"; };
		E551F6C108B3CAE8451BD60A /* Pods.release.xcconfig */ = {isa = PBXFileReference; includeInIndex = 1; lastKnownFileType = text.xcconfig; name = Pods.release.xcconfig; path = "Pods/Target Support Files/Pods/Pods.release.xcconfig"; sourceTree = "<group>"; };
/* End PBXFileReference section */

/* Begin PBXFrameworksBuildPhase section */
		AB76ADD81BC1C5B60000C91B /* Frameworks */ = {
			isa = PBXFrameworksBuildPhase;
			buildActionMask = 2147483647;
			files = (
				006BACEB99AD40B6A505383A /* libPods.a in Frameworks */,
			);
			runOnlyForDeploymentPostprocessing = 0;
		};
/* End PBXFrameworksBuildPhase section */

/* Begin PBXGroup section */
		1A59F3BF3A218B10B7B4E321 /* Pods */ = {
			isa = PBXGroup;
			children = (
				05734F9F4CBE0E24B5676833 /* Pods.debug.xcconfig */,
				E551F6C108B3CAE8451BD60A /* Pods.release.xcconfig */,
			);
			name = Pods;
			sourceTree = "<group>";
		};
		AB76ADD21BC1C5B60000C91B = {
			isa = PBXGroup;
			children = (
				AB76ADDD1BC1C5B60000C91B /* Big Event */,
				AB76ADDC1BC1C5B60000C91B /* Products */,
				1A59F3BF3A218B10B7B4E321 /* Pods */,
				BAC65151BC9966C361447E56 /* Frameworks */,
			);
			sourceTree = "<group>";
		};
		AB76ADDC1BC1C5B60000C91B /* Products */ = {
			isa = PBXGroup;
			children = (
				AB76ADDB1BC1C5B60000C91B /* Big Event.app */,
			);
			name = Products;
			sourceTree = "<group>";
		};
		AB76ADDD1BC1C5B60000C91B /* Big Event */ = {
			isa = PBXGroup;
			children = (
				AB76ADE71BC1C5B60000C91B /* Main.storyboard */,
				AB76ADE11BC1C5B60000C91B /* BEAppDelegate.h */,
				AB76ADE21BC1C5B60000C91B /* BEAppDelegate.m */,
				ABBA0BC61BC8663D00781666 /* View Controllers */,
				ABBA0BC71BC8665300781666 /* Models */,
				ABBA0BCB1BCC1D8F00781666 /* Networking */,
				AB76ADDE1BC1C5B60000C91B /* Supporting Files */,
			);
			path = "Big Event";
			sourceTree = "<group>";
		};
		AB76ADDE1BC1C5B60000C91B /* Supporting Files */ = {
			isa = PBXGroup;
			children = (
				AB76ADEC1BC1C5B60000C91B /* LaunchScreen.storyboard */,
				AB76ADEA1BC1C5B60000C91B /* Assets.xcassets */,
				AB76ADEF1BC1C5B60000C91B /* Info.plist */,
				AB76ADDF1BC1C5B60000C91B /* main.m */,
			);
			name = "Supporting Files";
			sourceTree = "<group>";
		};
		ABBA0BC61BC8663D00781666 /* View Controllers */ = {
			isa = PBXGroup;
			children = (
				AB4F2B141BC1CA99003033B7 /* BENavigationController.h */,
				AB4F2B151BC1CA99003033B7 /* BENavigationController.m */,
				AB76ADE41BC1C5B60000C91B /* BERootViewController.h */,
				AB76ADE51BC1C5B60000C91B /* BERootViewController.m */,
				ABBA0BB31BC8292600781666 /* BEAccountViewController.h */,
				ABBA0BB41BC8292600781666 /* BEAccountViewController.m */,
			);
			name = "View Controllers";
			sourceTree = "<group>";
		};
		ABBA0BC71BC8665300781666 /* Models */ = {
			isa = PBXGroup;
			children = (
				ABBA0BC31BC8662900781666 /* BEAccount.h */,
				ABBA0BC41BC8662900781666 /* BEAccount.m */,
			);
			name = Models;
			sourceTree = "<group>";
		};
		ABBA0BCB1BCC1D8F00781666 /* Networking */ = {
			isa = PBXGroup;
			children = (
				ABBA0BC01BC8661900781666 /* BEAccountController.h */,
				ABBA0BC11BC8661900781666 /* BEAccountController.m */,
				ABBA0BCC1BCC1DB500781666 /* BEClient.h */,
				ABBA0BCD1BCC1DB500781666 /* BEClient.m */,
			);
			name = Networking;
			sourceTree = "<group>";
		};
		BAC65151BC9966C361447E56 /* Frameworks */ = {
			isa = PBXGroup;
			children = (
				962FCDB207B7B1E903C2D045 /* libPods.a */,
			);
			name = Frameworks;
			sourceTree = "<group>";
		};
/* End PBXGroup section */

/* Begin PBXNativeTarget section */
		AB76ADDA1BC1C5B60000C91B /* Big Event */ = {
			isa = PBXNativeTarget;
			buildConfigurationList = AB76ADF21BC1C5B60000C91B /* Build configuration list for PBXNativeTarget "Big Event" */;
			buildPhases = (
				FFBC0E3EBFE8BB9236C38E23 /* Check Pods Manifest.lock */,
				AB76ADD71BC1C5B60000C91B /* Sources */,
				AB76ADD81BC1C5B60000C91B /* Frameworks */,
				AB76ADD91BC1C5B60000C91B /* Resources */,
				0884CD1E0C1419D4F52833AC /* Copy Pods Resources */,
			);
			buildRules = (
			);
			dependencies = (
			);
			name = "Big Event";
			productName = "Big Event";
			productReference = AB76ADDB1BC1C5B60000C91B /* Big Event.app */;
			productType = "com.apple.product-type.application";
		};
/* End PBXNativeTarget section */

/* Begin PBXProject section */
		AB76ADD31BC1C5B60000C91B /* Project object */ = {
			isa = PBXProject;
			attributes = {
				LastUpgradeCheck = 0700;
				ORGANIZATIONNAME = "Big Event";
				TargetAttributes = {
					AB76ADDA1BC1C5B60000C91B = {
						CreatedOnToolsVersion = 7.0;
					};
				};
			};
			buildConfigurationList = AB76ADD61BC1C5B60000C91B /* Build configuration list for PBXProject "Big Event" */;
			compatibilityVersion = "Xcode 3.2";
			developmentRegion = English;
			hasScannedForEncodings = 0;
			knownRegions = (
				en,
				Base,
			);
			mainGroup = AB76ADD21BC1C5B60000C91B;
			productRefGroup = AB76ADDC1BC1C5B60000C91B /* Products */;
			projectDirPath = "";
			projectRoot = "";
			targets = (
				AB76ADDA1BC1C5B60000C91B /* Big Event */,
			);
		};
/* End PBXProject section */

/* Begin PBXResourcesBuildPhase section */
		AB76ADD91BC1C5B60000C91B /* Resources */ = {
			isa = PBXResourcesBuildPhase;
			buildActionMask = 2147483647;
			files = (
				AB76ADEE1BC1C5B60000C91B /* LaunchScreen.storyboard in Resources */,
				AB76ADEB1BC1C5B60000C91B /* Assets.xcassets in Resources */,
				AB76ADE91BC1C5B60000C91B /* Main.storyboard in Resources */,
			);
			runOnlyForDeploymentPostprocessing = 0;
		};
/* End PBXResourcesBuildPhase section */

/* Begin PBXShellScriptBuildPhase section */
		0884CD1E0C1419D4F52833AC /* Copy Pods Resources */ = {
			isa = PBXShellScriptBuildPhase;
			buildActionMask = 2147483647;
			files = (
			);
			inputPaths = (
			);
			name = "Copy Pods Resources";
			outputPaths = (
			);
			runOnlyForDeploymentPostprocessing = 0;
			shellPath = /bin/sh;
			shellScript = "\"${SRCROOT}/Pods/Target Support Files/Pods/Pods-resources.sh\"\n";
			showEnvVarsInLog = 0;
		};
		FFBC0E3EBFE8BB9236C38E23 /* Check Pods Manifest.lock */ = {
			isa = PBXShellScriptBuildPhase;
			buildActionMask = 2147483647;
			files = (
			);
			inputPaths = (
			);
			name = "Check Pods Manifest.lock";
			outputPaths = (
			);
			runOnlyForDeploymentPostprocessing = 0;
			shellPath = /bin/sh;
			shellScript = "diff \"${PODS_ROOT}/../Podfile.lock\" \"${PODS_ROOT}/Manifest.lock\" > /dev/null\nif [[ $? != 0 ]] ; then\n    cat << EOM\nerror: The sandbox is not in sync with the Podfile.lock. Run 'pod install' or update your CocoaPods installation.\nEOM\n    exit 1\nfi\n";
			showEnvVarsInLog = 0;
		};
/* End PBXShellScriptBuildPhase section */

/* Begin PBXSourcesBuildPhase section */
		AB76ADD71BC1C5B60000C91B /* Sources */ = {
			isa = PBXSourcesBuildPhase;
			buildActionMask = 2147483647;
			files = (
				ABBA0BB51BC8292600781666 /* BEAccountViewController.m in Sources */,
				AB76ADE61BC1C5B60000C91B /* BERootViewController.m in Sources */,
				ABBA0BC21BC8661900781666 /* BEAccountController.m in Sources */,
				ABBA0BCE1BCC1DB500781666 /* BEClient.m in Sources */,
				AB76ADE31BC1C5B60000C91B /* BEAppDelegate.m in Sources */,
				AB4F2B161BC1CA99003033B7 /* BENavigationController.m in Sources */,
				ABBA0BC51BC8662900781666 /* BEAccount.m in Sources */,
				AB76ADE01BC1C5B60000C91B /* main.m in Sources */,
			);
			runOnlyForDeploymentPostprocessing = 0;
		};
/* End PBXSourcesBuildPhase section */

/* Begin PBXVariantGroup section */
		AB76ADE71BC1C5B60000C91B /* Main.storyboard */ = {
			isa = PBXVariantGroup;
			children = (
				AB76ADE81BC1C5B60000C91B /* Base */,
			);
			name = Main.storyboard;
			sourceTree = "<group>";
		};
		AB76ADEC1BC1C5B60000C91B /* LaunchScreen.storyboard */ = {
			isa = PBXVariantGroup;
			children = (
				AB76ADED1BC1C5B60000C91B /* Base */,
			);
			name = LaunchScreen.storyboard;
			sourceTree = "<group>";
		};
/* End PBXVariantGroup section */

/* Begin XCBuildConfiguration section */
		AB76ADF01BC1C5B60000C91B /* Debug */ = {
			isa = XCBuildConfiguration;
			buildSettings = {
				ALWAYS_SEARCH_USER_PATHS = NO;
				CLANG_CXX_LANGUAGE_STANDARD = "gnu++0x";
				CLANG_CXX_LIBRARY = "libc++";
				CLANG_ENABLE_MODULES = YES;
				CLANG_ENABLE_OBJC_ARC = YES;
				CLANG_WARN_BOOL_CONVERSION = YES;
				CLANG_WARN_CONSTANT_CONVERSION = YES;
				CLANG_WARN_DIRECT_OBJC_ISA_USAGE = YES_ERROR;
				CLANG_WARN_EMPTY_BODY = YES;
				CLANG_WARN_ENUM_CONVERSION = YES;
				CLANG_WARN_INT_CONVERSION = YES;
				CLANG_WARN_OBJC_ROOT_CLASS = YES_ERROR;
				CLANG_WARN_UNREACHABLE_CODE = YES;
				CLANG_WARN__DUPLICATE_METHOD_MATCH = YES;
				"CODE_SIGN_IDENTITY[sdk=iphoneos*]" = "iPhone Developer";
				COPY_PHASE_STRIP = NO;
				DEBUG_INFORMATION_FORMAT = dwarf;
				ENABLE_STRICT_OBJC_MSGSEND = YES;
				ENABLE_TESTABILITY = YES;
				GCC_C_LANGUAGE_STANDARD = gnu99;
				GCC_DYNAMIC_NO_PIC = NO;
				GCC_NO_COMMON_BLOCKS = YES;
				GCC_OPTIMIZATION_LEVEL = 0;
				GCC_PREPROCESSOR_DEFINITIONS = (
					"DEBUG=1",
					"$(inherited)",
				);
				GCC_WARN_64_TO_32_BIT_CONVERSION = YES;
				GCC_WARN_ABOUT_RETURN_TYPE = YES_ERROR;
				GCC_WARN_UNDECLARED_SELECTOR = YES;
				GCC_WARN_UNINITIALIZED_AUTOS = YES_AGGRESSIVE;
				GCC_WARN_UNUSED_FUNCTION = YES;
				GCC_WARN_UNUSED_VARIABLE = YES;
				IPHONEOS_DEPLOYMENT_TARGET = 9.0;
				MTL_ENABLE_DEBUG_INFO = YES;
				ONLY_ACTIVE_ARCH = YES;
				SDKROOT = iphoneos;
				TARGETED_DEVICE_FAMILY = "1,2";
			};
			name = Debug;
		};
		AB76ADF11BC1C5B60000C91B /* Release */ = {
			isa = XCBuildConfiguration;
			buildSettings = {
				ALWAYS_SEARCH_USER_PATHS = NO;
				CLANG_CXX_LANGUAGE_STANDARD = "gnu++0x";
				CLANG_CXX_LIBRARY = "libc++";
				CLANG_ENABLE_MODULES = YES;
				CLANG_ENABLE_OBJC_ARC = YES;
				CLANG_WARN_BOOL_CONVERSION = YES;
				CLANG_WARN_CONSTANT_CONVERSION = YES;
				CLANG_WARN_DIRECT_OBJC_ISA_USAGE = YES_ERROR;
				CLANG_WARN_EMPTY_BODY = YES;
				CLANG_WARN_ENUM_CONVERSION = YES;
				CLANG_WARN_INT_CONVERSION = YES;
				CLANG_WARN_OBJC_ROOT_CLASS = YES_ERROR;
				CLANG_WARN_UNREACHABLE_CODE = YES;
				CLANG_WARN__DUPLICATE_METHOD_MATCH = YES;
				"CODE_SIGN_IDENTITY[sdk=iphoneos*]" = "iPhone Developer";
				COPY_PHASE_STRIP = NO;
				DEBUG_INFORMATION_FORMAT = "dwarf-with-dsym";
				ENABLE_NS_ASSERTIONS = NO;
				ENABLE_STRICT_OBJC_MSGSEND = YES;
				GCC_C_LANGUAGE_STANDARD = gnu99;
				GCC_NO_COMMON_BLOCKS = YES;
				GCC_WARN_64_TO_32_BIT_CONVERSION = YES;
				GCC_WARN_ABOUT_RETURN_TYPE = YES_ERROR;
				GCC_WARN_UNDECLARED_SELECTOR = YES;
				GCC_WARN_UNINITIALIZED_AUTOS = YES_AGGRESSIVE;
				GCC_WARN_UNUSED_FUNCTION = YES;
				GCC_WARN_UNUSED_VARIABLE = YES;
				IPHONEOS_DEPLOYMENT_TARGET = 9.0;
				MTL_ENABLE_DEBUG_INFO = NO;
				SDKROOT = iphoneos;
				TARGETED_DEVICE_FAMILY = "1,2";
				VALIDATE_PRODUCT = YES;
			};
			name = Release;
		};
		AB76ADF31BC1C5B60000C91B /* Debug */ = {
			isa = XCBuildConfiguration;
			baseConfigurationReference = 05734F9F4CBE0E24B5676833 /* Pods.debug.xcconfig */;
			buildSettings = {
				ASSETCATALOG_COMPILER_APPICON_NAME = AppIcon;
				INFOPLIST_FILE = "Big Event/Info.plist";
				LD_RUNPATH_SEARCH_PATHS = "$(inherited) @executable_path/Frameworks";
				PRODUCT_BUNDLE_IDENTIFIER = "bigevent.Big-Event";
				PRODUCT_NAME = "$(TARGET_NAME)";
			};
			name = Debug;
		};
		AB76ADF41BC1C5B60000C91B /* Release */ = {
			isa = XCBuildConfiguration;
			baseConfigurationReference = E551F6C108B3CAE8451BD60A /* Pods.release.xcconfig */;
			buildSettings = {
				ASSETCATALOG_COMPILER_APPICON_NAME = AppIcon;
				INFOPLIST_FILE = "Big Event/Info.plist";
				LD_RUNPATH_SEARCH_PATHS = "$(inherited) @executable_path/Frameworks";
				PRODUCT_BUNDLE_IDENTIFIER = "bigevent.Big-Event";
				PRODUCT_NAME = "$(TARGET_NAME)";
			};
			name = Release;
		};
/* End XCBuildConfiguration section */

/* Begin XCConfigurationList section */
		AB76ADD61BC1C5B60000C91B /* Build configuration list for PBXProject "Big Event" */ = {
			isa = XCConfigurationList;
			buildConfigurations = (
				AB76ADF01BC1C5B60000C91B /* Debug */,
				AB76ADF11BC1C5B60000C91B /* Release */,
			);
			defaultConfigurationIsVisible = 0;
			defaultConfigurationName = Release;
		};
		AB76ADF21BC1C5B60000C91B /* Build configuration list for PBXNativeTarget "Big Event" */ = {
			isa = XCConfigurationList;
			buildConfigurations = (
				AB76ADF31BC1C5B60000C91B /* Debug */,
				AB76ADF41BC1C5B60000C91B /* Release */,
			);
			defaultConfigurationIsVisible = 0;
			defaultConfigurationName = Release;
		};
/* End XCConfigurationList section */
	};
	rootObject = AB76ADD31BC1C5B60000C91B /* Project object */;
}
